<?xml version="1.0" encoding="utf-8"?>
<Project ToolsVersion="4.0" xmlns="http://schemas.microsoft.com/developer/msbuild/2003">
  <ItemGroup>
    <Filter Include="Source Files">
      <UniqueIdentifier>{4FC737F1-C7A5-4376-A066-2A32D752A2FF}</UniqueIdentifier>
      <Extensions>cpp;c;cc;cxx;c++;cppm;ixx;def;odl;idl;hpj;bat;asm;asmx</Extensions>
    </Filter>
    <Filter Include="Header Files">
      <UniqueIdentifier>{93995380-89BD-4b04-88EB-625FBE52EBFB}</UniqueIdentifier>
      <Extensions>h;hh;hpp;hxx;h++;hm;inl;inc;ipp;xsd</Extensions>
    </Filter>
    <Filter Include="Resource Files">
      <UniqueIdentifier>{67DA6AB6-F800-4c08-8B7A-83BB121AAD01}</UniqueIdentifier>
      <Extensions>rc;ico;cur;bmp;dlg;rc2;rct;bin;rgs;gif;jpg;jpeg;jpe;resx;tiff;tif;png;wav;mfcribbon-ms</Extensions>
    </Filter>
    <Filter Include="Header Files\shaders">
      <UniqueIdentifier>{9ea83a51-ae76-4bfd-b021-2deb72ed9cf8}</UniqueIdentifier>
    </Filter>
    <Filter Include="Source Files\shaders">
      <UniqueIdentifier>{a70c1613-afc2-4d47-a74d-6725698c0eaf}</UniqueIdentifier>
    </Filter>
    <Filter Include="Source Files\mainFiles">
      <UniqueIdentifier>{ba2486e5-0fbf-43f0-ba16-99ea5b6d2831}</UniqueIdentifier>
    </Filter>
    <Filter Include="Header Files\mainFiles">
      <UniqueIdentifier>{ad17d248-263e-4d02-9492-84e4f5550a25}</UniqueIdentifier>
    </Filter>
    <Filter Include="Source Files\glad">
      <UniqueIdentifier>{b28537ec-7f3c-4b27-b357-898d9495a678}</UniqueIdentifier>
    </Filter>
    <Filter Include="Source Files\utils">
      <UniqueIdentifier>{234b1671-5f78-4f1b-8c03-01ed42e5a50e}</UniqueIdentifier>
    </Filter>
    <Filter Include="Resource Files\textures">
      <UniqueIdentifier>{e38fa477-11cf-4f4f-9071-0121de175d87}</UniqueIdentifier>
    </Filter>
    <Filter Include="Header Files\utils">
      <UniqueIdentifier>{f1aeca6d-a361-4900-82f1-850de815a488}</UniqueIdentifier>
    </Filter>
    <Filter Include="Header Files\world">
      <UniqueIdentifier>{b1c6c25b-aa4d-4512-bf0e-8420d94dcaf9}</UniqueIdentifier>
    </Filter>
    <Filter Include="Source Files\world">
      <UniqueIdentifier>{4fa86258-8338-4a90-9c08-1b73b8e6e535}</UniqueIdentifier>
    </Filter>
    <Filter Include="Header Files\models">
      <UniqueIdentifier>{7e389f5d-f494-4c24-a6cf-46f91bd1e477}</UniqueIdentifier>
    </Filter>
    <Filter Include="Source Files\models">
      <UniqueIdentifier>{7e300e85-eb47-419f-9f23-3039588caca3}</UniqueIdentifier>
    </Filter>
    <Filter Include="Header Files\scene">
      <UniqueIdentifier>{c097045e-206e-4037-ba18-4437e7bfa96c}</UniqueIdentifier>
    </Filter>
    <Filter Include="Source Files\scene">
      <UniqueIdentifier>{a0979e2a-c7df-4bc9-9f9a-e61f48b67da1}</UniqueIdentifier>
    </Filter>
    <Filter Include="Header Files\shapes">
      <UniqueIdentifier>{324c9254-bdfe-4f8d-955d-44aaeafadf07}</UniqueIdentifier>
    </Filter>
    <Filter Include="Source Files\shapes">
      <UniqueIdentifier>{e95ea10a-2983-4414-b72f-dea568dde353}</UniqueIdentifier>
    </Filter>
  </ItemGroup>
  <ItemGroup>
    <ClCompile Include="ShaderProgram.cpp">
      <Filter>Source Files\shaders</Filter>
    </ClCompile>
    <ClCompile Include="World.cpp">
      <Filter>Source Files\mainFiles</Filter>
    </ClCompile>
    <ClCompile Include="Main.cpp">
      <Filter>Source Files\mainFiles</Filter>
    </ClCompile>
    <ClCompile Include="EBO.cpp">
      <Filter>Source Files\mainFiles</Filter>
    </ClCompile>
    <ClCompile Include="VAO.cpp">
      <Filter>Source Files\mainFiles</Filter>
    </ClCompile>
    <ClCompile Include="VBO.cpp">
      <Filter>Source Files\mainFiles</Filter>
    </ClCompile>
    <ClCompile Include="glad.c">
      <Filter>Source Files\glad</Filter>
    </ClCompile>
    <ClCompile Include="stb.cpp">
      <Filter>Source Files\utils</Filter>
    </ClCompile>
    <ClCompile Include="Textures.cpp">
      <Filter>Source Files\utils</Filter>
    </ClCompile>
    <ClCompile Include="WorldTransform.cpp">
      <Filter>Source Files\mainFiles</Filter>
    </ClCompile>
    <ClCompile Include="Camera.cpp">
      <Filter>Source Files\mainFiles</Filter>
    </ClCompile>
    <ClCompile Include="Skybox.cpp">
      <Filter>Source Files\world</Filter>
    </ClCompile>
    <ClCompile Include="Mesh.cpp">
      <Filter>Source Files\models</Filter>
    </ClCompile>
    <ClCompile Include="Model.cpp">
      <Filter>Source Files\models</Filter>
    </ClCompile>
    <ClCompile Include="Renderer.cpp">
      <Filter>Source Files\scene</Filter>
    </ClCompile>
    <ClCompile Include="SimpleBuilding.cpp">
      <Filter>Source Files\shapes</Filter>
    </ClCompile>
    <ClCompile Include="Player.cpp">
      <Filter>Source Files\scene</Filter>
    </ClCompile>
    <ClCompile Include="Terrain.cpp">
      <Filter>Source Files\world</Filter>
    </ClCompile>
    <ClCompile Include="Maths.cpp">
      <Filter>Source Files\utils</Filter>
    </ClCompile>
  </ItemGroup>
  <ItemGroup>
    <None Include="v_simple.glsl">
      <Filter>Resource Files</Filter>
    </None>
    <None Include="f_simple.glsl">
      <Filter>Resource Files</Filter>
    </None>
    <None Include="v_light_cube.glsl">
      <Filter>Resource Files</Filter>
    </None>
    <None Include="f_light_cube.glsl">
      <Filter>Resource Files</Filter>
    </None>
    <None Include="v_skybox.glsl">
      <Filter>Resource Files</Filter>
    </None>
    <None Include="f_skybox.glsl">
      <Filter>Resource Files</Filter>
    </None>
    <None Include="v_try.glsl">
      <Filter>Resource Files</Filter>
    </None>
    <None Include="f_try.glsl">
      <Filter>Resource Files</Filter>
    </None>
    <None Include="v_terrain.glsl">
      <Filter>Resource Files</Filter>
    </None>
    <None Include="f_terrain.glsl">
      <Filter>Resource Files</Filter>
    </None>
  </ItemGroup>
  <ItemGroup>
    <ClInclude Include="ShaderProgram.h">
      <Filter>Header Files\shaders</Filter>
    </ClInclude>
    <ClInclude Include="World.h">
      <Filter>Header Files\mainFiles</Filter>
    </ClInclude>
    <ClInclude Include="EBO.h">
      <Filter>Header Files\mainFiles</Filter>
    </ClInclude>
    <ClInclude Include="VAO.h">
      <Filter>Header Files\mainFiles</Filter>
    </ClInclude>
    <ClInclude Include="VBO.h">
      <Filter>Header Files\mainFiles</Filter>
    </ClInclude>
    <ClInclude Include="Textures.h">
      <Filter>Header Files\utils</Filter>
    </ClInclude>
    <ClInclude Include="WorldTransform.h">
      <Filter>Header Files\mainFiles</Filter>
    </ClInclude>
    <ClInclude Include="Camera.h">
      <Filter>Header Files\mainFiles</Filter>
    </ClInclude>
    <ClInclude Include="myCube.h">
      <Filter>Header Files\utils</Filter>
    </ClInclude>
    <ClInclude Include="Skybox.h">
      <Filter>Header Files\world</Filter>
    </ClInclude>
    <ClInclude Include="Mesh.h">
      <Filter>Header Files\models</Filter>
    </ClInclude>
    <ClInclude Include="Vertex.h">
      <Filter>Header Files\models</Filter>
    </ClInclude>
    <ClInclude Include="Model.h">
      <Filter>Header Files\models</Filter>
    </ClInclude>
    <ClInclude Include="Renderer.h">
      <Filter>Header Files\scene</Filter>
    </ClInclude>
    <ClInclude Include="SimpleBuilding.h">
      <Filter>Header Files\shapes</Filter>
    </ClInclude>
    <ClInclude Include="Player.h">
      <Filter>Header Files\scene</Filter>
    </ClInclude>
    <ClInclude Include="CommonConsts.h">
      <Filter>Header Files\utils</Filter>
    </ClInclude>
    <ClInclude Include="Terrain.h">
      <Filter>Header Files\world</Filter>
    </ClInclude>
    <ClInclude Include="Maths.h">
      <Filter>Header Files\utils</Filter>
    </ClInclude>
  </ItemGroup>
  <ItemGroup>
    <Image Include="brick.png">
      <Filter>Resource Files\textures</Filter>
    </Image>
    <Image Include="facade.png">
      <Filter>Resource Files\textures</Filter>
    </Image>
  </ItemGroup>
</Project>